
Microsoft Visual Studio Solution File, Format Version 12.00
# Visual Studio 2012
Project("{FAE04EC0-301F-11D3-BF4B-00C04F79EFBC}") = "BookMyTicket.Services.API", "BookMyTicket.Services.API\BookMyTicket.Services.API.csproj", "{15A4B9B3-F3C0-4A6A-9DD7-EE1FA7D592AA}"
EndProject
Project("{FAE04EC0-301F-11D3-BF4B-00C04F79EFBC}") = "BookMyTicket.Services.DTO", "BookMyTicket.Services.DTO\BookMyTicket.Services.DTO.csproj", "{4095521D-3276-4420-B022-63E330F28B56}"
EndProject
Project("{FAE04EC0-301F-11D3-BF4B-00C04F79EFBC}") = "BookMyTicket.Repository", "BookMyTicket.Repository\BookMyTicket.Repository.csproj", "{9067EADB-AFAE-4DE2-AA9A-A579BF58C122}"
EndProject
Project("{FAE04EC0-301F-11D3-BF4B-00C04F79EFBC}") = "BookMyTicket.DataAccess", "BookMyTicket.DataAccess\BookMyTicket.DataAccess.csproj", "{D2DA7677-1719-4395-ADFA-78361B51945C}"
EndProject
Project("{FAE04EC0-301F-11D3-BF4B-00C04F79EFBC}") = "BookMyTicket.BusinessLogic", "BookMyTicket.BusinessLogic\BookMyTicket.BusinessLogic.csproj", "{3255B6EF-C045-4D19-B9B5-CE0B6EE02A94}"
EndProject
Project("{FAE04EC0-301F-11D3-BF4B-00C04F79EFBC}") = "BookMyTicket.Repository.Test", "BookMyTicket.Repository.Test\BookMyTicket.Repository.Test.csproj", "{66CFFAA2-EA96-4795-8F3B-95E74D139D15}"
EndProject
Project("{FAE04EC0-301F-11D3-BF4B-00C04F79EFBC}") = "BookMyTicket.BusinessLogic.Test", "BookMyTicket.BusinessLogic.Test\BookMyTicket.BusinessLogic.Test.csproj", "{8F874558-2788-4728-8AD4-DD767DE599FF}"
EndProject
Project("{FAE04EC0-301F-11D3-BF4B-00C04F79EFBC}") = "BookMyTicket.DomainModel", "BookMyTicket.DomainModel\BookMyTicket.DomainModel.csproj", "{2BC95A1F-A07F-4583-A07E-B7225F989914}"
EndProject
Project("{2150E333-8FDC-42A3-9474-1A3956D46DE8}") = "Services", "Services", "{8B1785BD-C557-4DD0-A949-7212F659614B}"
EndProject
Project("{2150E333-8FDC-42A3-9474-1A3956D46DE8}") = "Client", "Client", "{AE039E95-32E6-4DFF-9D80-8804FBA3E10F}"
EndProject
Project("{2150E333-8FDC-42A3-9474-1A3956D46DE8}") = "Core", "Core", "{3589D279-00CC-406B-AE21-9955090464DA}"
EndProject
Project("{FAE04EC0-301F-11D3-BF4B-00C04F79EFBC}") = "BookMyTicket.Services.WCF", "BookMyTicket.Services.WCF\BookMyTicket.Services.WCF.csproj", "{2B1B8857-0B38-4B9C-BA39-A5307A8D01EC}"
EndProject
Project("{FAE04EC0-301F-11D3-BF4B-00C04F79EFBC}") = "BookMyTicket.Services.WCF.Host", "BookMyTicket.Services.WCF.Host\BookMyTicket.Services.WCF.Host.csproj", "{96793007-A228-4B59-9500-19D7305CDB44}"
EndProject
Project("{FAE04EC0-301F-11D3-BF4B-00C04F79EFBC}") = "BookMyTicket.Client.MVC", "BookMyTicket.Client.MVC\BookMyTicket.Client.MVC.csproj", "{830581DC-A45B-41FD-8198-2F2AF746A3D5}"
	ProjectSection(ProjectDependencies) = postProject
		{96793007-A228-4B59-9500-19D7305CDB44} = {96793007-A228-4B59-9500-19D7305CDB44}
	EndProjectSection
EndProject
Project("{FAE04EC0-301F-11D3-BF4B-00C04F79EFBC}") = "BookMyTicket.Client.MVC.Tests", "BookMyTicket.Client.MVC.Tests\BookMyTicket.Client.MVC.Tests.csproj", "{5907EC84-BECF-4D86-B455-DB3E59CA0470}"
EndProject
Global
	GlobalSection(SolutionConfigurationPlatforms) = preSolution
		Debug|Any CPU = Debug|Any CPU
		Release|Any CPU = Release|Any CPU
	EndGlobalSection
	GlobalSection(ProjectConfigurationPlatforms) = postSolution
		{15A4B9B3-F3C0-4A6A-9DD7-EE1FA7D592AA}.Debug|Any CPU.ActiveCfg = Debug|Any CPU
		{15A4B9B3-F3C0-4A6A-9DD7-EE1FA7D592AA}.Debug|Any CPU.Build.0 = Debug|Any CPU
		{15A4B9B3-F3C0-4A6A-9DD7-EE1FA7D592AA}.Release|Any CPU.ActiveCfg = Release|Any CPU
		{15A4B9B3-F3C0-4A6A-9DD7-EE1FA7D592AA}.Release|Any CPU.Build.0 = Release|Any CPU
		{4095521D-3276-4420-B022-63E330F28B56}.Debug|Any CPU.ActiveCfg = Debug|Any CPU
		{4095521D-3276-4420-B022-63E330F28B56}.Debug|Any CPU.Build.0 = Debug|Any CPU
		{4095521D-3276-4420-B022-63E330F28B56}.Release|Any CPU.ActiveCfg = Release|Any CPU
		{4095521D-3276-4420-B022-63E330F28B56}.Release|Any CPU.Build.0 = Release|Any CPU
		{9067EADB-AFAE-4DE2-AA9A-A579BF58C122}.Debug|Any CPU.ActiveCfg = Debug|Any CPU
		{9067EADB-AFAE-4DE2-AA9A-A579BF58C122}.Debug|Any CPU.Build.0 = Debug|Any CPU
		{9067EADB-AFAE-4DE2-AA9A-A579BF58C122}.Release|Any CPU.ActiveCfg = Release|Any CPU
		{9067EADB-AFAE-4DE2-AA9A-A579BF58C122}.Release|Any CPU.Build.0 = Release|Any CPU
		{D2DA7677-1719-4395-ADFA-78361B51945C}.Debug|Any CPU.ActiveCfg = Debug|Any CPU
		{D2DA7677-1719-4395-ADFA-78361B51945C}.Debug|Any CPU.Build.0 = Debug|Any CPU
		{D2DA7677-1719-4395-ADFA-78361B51945C}.Release|Any CPU.ActiveCfg = Release|Any CPU
		{D2DA7677-1719-4395-ADFA-78361B51945C}.Release|Any CPU.Build.0 = Release|Any CPU
		{3255B6EF-C045-4D19-B9B5-CE0B6EE02A94}.Debug|Any CPU.ActiveCfg = Debug|Any CPU
		{3255B6EF-C045-4D19-B9B5-CE0B6EE02A94}.Debug|Any CPU.Build.0 = Debug|Any CPU
		{3255B6EF-C045-4D19-B9B5-CE0B6EE02A94}.Release|Any CPU.ActiveCfg = Release|Any CPU
		{3255B6EF-C045-4D19-B9B5-CE0B6EE02A94}.Release|Any CPU.Build.0 = Release|Any CPU
		{66CFFAA2-EA96-4795-8F3B-95E74D139D15}.Debug|Any CPU.ActiveCfg = Debug|Any CPU
		{66CFFAA2-EA96-4795-8F3B-95E74D139D15}.Debug|Any CPU.Build.0 = Debug|Any CPU
		{66CFFAA2-EA96-4795-8F3B-95E74D139D15}.Release|Any CPU.ActiveCfg = Release|Any CPU
		{66CFFAA2-EA96-4795-8F3B-95E74D139D15}.Release|Any CPU.Build.0 = Release|Any CPU
		{8F874558-2788-4728-8AD4-DD767DE599FF}.Debug|Any CPU.ActiveCfg = Debug|Any CPU
		{8F874558-2788-4728-8AD4-DD767DE599FF}.Debug|Any CPU.Build.0 = Debug|Any CPU
		{8F874558-2788-4728-8AD4-DD767DE599FF}.Release|Any CPU.ActiveCfg = Release|Any CPU
		{8F874558-2788-4728-8AD4-DD767DE599FF}.Release|Any CPU.Build.0 = Release|Any CPU
		{2BC95A1F-A07F-4583-A07E-B7225F989914}.Debug|Any CPU.ActiveCfg = Debug|Any CPU
		{2BC95A1F-A07F-4583-A07E-B7225F989914}.Debug|Any CPU.Build.0 = Debug|Any CPU
		{2BC95A1F-A07F-4583-A07E-B7225F989914}.Release|Any CPU.ActiveCfg = Release|Any CPU
		{2BC95A1F-A07F-4583-A07E-B7225F989914}.Release|Any CPU.Build.0 = Release|Any CPU
		{2B1B8857-0B38-4B9C-BA39-A5307A8D01EC}.Debug|Any CPU.ActiveCfg = Debug|Any CPU
		{2B1B8857-0B38-4B9C-BA39-A5307A8D01EC}.Debug|Any CPU.Build.0 = Debug|Any CPU
		{2B1B8857-0B38-4B9C-BA39-A5307A8D01EC}.Release|Any CPU.ActiveCfg = Release|Any CPU
		{2B1B8857-0B38-4B9C-BA39-A5307A8D01EC}.Release|Any CPU.Build.0 = Release|Any CPU
		{96793007-A228-4B59-9500-19D7305CDB44}.Debug|Any CPU.ActiveCfg = Debug|Any CPU
		{96793007-A228-4B59-9500-19D7305CDB44}.Debug|Any CPU.Build.0 = Debug|Any CPU
		{96793007-A228-4B59-9500-19D7305CDB44}.Release|Any CPU.ActiveCfg = Release|Any CPU
		{96793007-A228-4B59-9500-19D7305CDB44}.Release|Any CPU.Build.0 = Release|Any CPU
		{830581DC-A45B-41FD-8198-2F2AF746A3D5}.Debug|Any CPU.ActiveCfg = Debug|Any CPU
		{830581DC-A45B-41FD-8198-2F2AF746A3D5}.Debug|Any CPU.Build.0 = Debug|Any CPU
		{830581DC-A45B-41FD-8198-2F2AF746A3D5}.Release|Any CPU.ActiveCfg = Release|Any CPU
		{830581DC-A45B-41FD-8198-2F2AF746A3D5}.Release|Any CPU.Build.0 = Release|Any CPU
		{5907EC84-BECF-4D86-B455-DB3E59CA0470}.Debug|Any CPU.ActiveCfg = Debug|Any CPU
		{5907EC84-BECF-4D86-B455-DB3E59CA0470}.Debug|Any CPU.Build.0 = Debug|Any CPU
		{5907EC84-BECF-4D86-B455-DB3E59CA0470}.Release|Any CPU.ActiveCfg = Release|Any CPU
		{5907EC84-BECF-4D86-B455-DB3E59CA0470}.Release|Any CPU.Build.0 = Release|Any CPU
	EndGlobalSection
	GlobalSection(SolutionProperties) = preSolution
		HideSolutionNode = FALSE
	EndGlobalSection
	GlobalSection(NestedProjects) = preSolution
		{2B1B8857-0B38-4B9C-BA39-A5307A8D01EC} = {8B1785BD-C557-4DD0-A949-7212F659614B}
		{96793007-A228-4B59-9500-19D7305CDB44} = {8B1785BD-C557-4DD0-A949-7212F659614B}
		{9067EADB-AFAE-4DE2-AA9A-A579BF58C122} = {3589D279-00CC-406B-AE21-9955090464DA}
		{D2DA7677-1719-4395-ADFA-78361B51945C} = {3589D279-00CC-406B-AE21-9955090464DA}
		{3255B6EF-C045-4D19-B9B5-CE0B6EE02A94} = {3589D279-00CC-406B-AE21-9955090464DA}
		{66CFFAA2-EA96-4795-8F3B-95E74D139D15} = {3589D279-00CC-406B-AE21-9955090464DA}
		{8F874558-2788-4728-8AD4-DD767DE599FF} = {3589D279-00CC-406B-AE21-9955090464DA}
		{2BC95A1F-A07F-4583-A07E-B7225F989914} = {3589D279-00CC-406B-AE21-9955090464DA}
		{4095521D-3276-4420-B022-63E330F28B56} = {3589D279-00CC-406B-AE21-9955090464DA}
		{15A4B9B3-F3C0-4A6A-9DD7-EE1FA7D592AA} = {3589D279-00CC-406B-AE21-9955090464DA}
		{830581DC-A45B-41FD-8198-2F2AF746A3D5} = {AE039E95-32E6-4DFF-9D80-8804FBA3E10F}
		{5907EC84-BECF-4D86-B455-DB3E59CA0470} = {AE039E95-32E6-4DFF-9D80-8804FBA3E10F}
	EndGlobalSection
EndGlobal
