
Microsoft Visual Studio Solution File, Format Version 12.00
# Visual Studio 2012
Project("{FAE04EC0-301F-11D3-BF4B-00C04F79EFBC}") = "BookMyTicket.Services.API", "BookMyTicket.Services.API\BookMyTicket.Services.API.csproj", "{15A4B9B3-F3C0-4A6A-9DD7-EE1FA7D592AA}"
EndProject
Project("{FAE04EC0-301F-11D3-BF4B-00C04F79EFBC}") = "BookMyTicket.Services.DTO", "BookMyTicket.Services.DTO\BookMyTicket.Services.DTO.csproj", "{4095521D-3276-4420-B022-63E330F28B56}"
EndProject
Project("{FAE04EC0-301F-11D3-BF4B-00C04F79EFBC}") = "BookMyTicket.Services.Repo", "BookMyTicket.Services.Repo\BookMyTicket.Services.Repo.csproj", "{9067EADB-AFAE-4DE2-AA9A-A579BF58C122}"
EndProject
Project("{FAE04EC0-301F-11D3-BF4B-00C04F79EFBC}") = "BookMyTicket.Services.DAL", "BookMyTicket.Services.DAL\BookMyTicket.Services.DAL.csproj", "{D2DA7677-1719-4395-ADFA-78361B51945C}"
EndProject
Project("{FAE04EC0-301F-11D3-BF4B-00C04F79EFBC}") = "BookMyTicket.Services.BL", "BookMyTicket.Services.BL\BookMyTicket.Services.BL.csproj", "{3255B6EF-C045-4D19-B9B5-CE0B6EE02A94}"
EndProject
Project("{FAE04EC0-301F-11D3-BF4B-00C04F79EFBC}") = "BookMyTicket.Services.Repo.Test", "BookMyTicket.Services.Repo.Test\BookMyTicket.Services.Repo.Test.csproj", "{66CFFAA2-EA96-4795-8F3B-95E74D139D15}"
EndProject
Project("{FAE04EC0-301F-11D3-BF4B-00C04F79EFBC}") = "BookMyTicket.Services.BL.Test", "BookMyTicket.Services.BL.Test\BookMyTicket.Services.BL.Test.csproj", "{8F874558-2788-4728-8AD4-DD767DE599FF}"
EndProject
Global
	GlobalSection(SolutionConfigurationPlatforms) = preSolution
		Debug|Any CPU = Debug|Any CPU
		Release|Any CPU = Release|Any CPU
	EndGlobalSection
	GlobalSection(ProjectConfigurationPlatforms) = postSolution
		{15A4B9B3-F3C0-4A6A-9DD7-EE1FA7D592AA}.Debug|Any CPU.ActiveCfg = Debug|Any CPU
		{15A4B9B3-F3C0-4A6A-9DD7-EE1FA7D592AA}.Debug|Any CPU.Build.0 = Debug|Any CPU
		{15A4B9B3-F3C0-4A6A-9DD7-EE1FA7D592AA}.Release|Any CPU.ActiveCfg = Release|Any CPU
		{15A4B9B3-F3C0-4A6A-9DD7-EE1FA7D592AA}.Release|Any CPU.Build.0 = Release|Any CPU
		{4095521D-3276-4420-B022-63E330F28B56}.Debug|Any CPU.ActiveCfg = Debug|Any CPU
		{4095521D-3276-4420-B022-63E330F28B56}.Debug|Any CPU.Build.0 = Debug|Any CPU
		{4095521D-3276-4420-B022-63E330F28B56}.Release|Any CPU.ActiveCfg = Release|Any CPU
		{4095521D-3276-4420-B022-63E330F28B56}.Release|Any CPU.Build.0 = Release|Any CPU
		{9067EADB-AFAE-4DE2-AA9A-A579BF58C122}.Debug|Any CPU.ActiveCfg = Debug|Any CPU
		{9067EADB-AFAE-4DE2-AA9A-A579BF58C122}.Debug|Any CPU.Build.0 = Debug|Any CPU
		{9067EADB-AFAE-4DE2-AA9A-A579BF58C122}.Release|Any CPU.ActiveCfg = Release|Any CPU
		{9067EADB-AFAE-4DE2-AA9A-A579BF58C122}.Release|Any CPU.Build.0 = Release|Any CPU
		{D2DA7677-1719-4395-ADFA-78361B51945C}.Debug|Any CPU.ActiveCfg = Debug|Any CPU
		{D2DA7677-1719-4395-ADFA-78361B51945C}.Debug|Any CPU.Build.0 = Debug|Any CPU
		{D2DA7677-1719-4395-ADFA-78361B51945C}.Release|Any CPU.ActiveCfg = Release|Any CPU
		{D2DA7677-1719-4395-ADFA-78361B51945C}.Release|Any CPU.Build.0 = Release|Any CPU
		{3255B6EF-C045-4D19-B9B5-CE0B6EE02A94}.Debug|Any CPU.ActiveCfg = Debug|Any CPU
		{3255B6EF-C045-4D19-B9B5-CE0B6EE02A94}.Debug|Any CPU.Build.0 = Debug|Any CPU
		{3255B6EF-C045-4D19-B9B5-CE0B6EE02A94}.Release|Any CPU.ActiveCfg = Release|Any CPU
		{3255B6EF-C045-4D19-B9B5-CE0B6EE02A94}.Release|Any CPU.Build.0 = Release|Any CPU
		{66CFFAA2-EA96-4795-8F3B-95E74D139D15}.Debug|Any CPU.ActiveCfg = Debug|Any CPU
		{66CFFAA2-EA96-4795-8F3B-95E74D139D15}.Debug|Any CPU.Build.0 = Debug|Any CPU
		{66CFFAA2-EA96-4795-8F3B-95E74D139D15}.Release|Any CPU.ActiveCfg = Release|Any CPU
		{66CFFAA2-EA96-4795-8F3B-95E74D139D15}.Release|Any CPU.Build.0 = Release|Any CPU
		{8F874558-2788-4728-8AD4-DD767DE599FF}.Debug|Any CPU.ActiveCfg = Debug|Any CPU
		{8F874558-2788-4728-8AD4-DD767DE599FF}.Debug|Any CPU.Build.0 = Debug|Any CPU
		{8F874558-2788-4728-8AD4-DD767DE599FF}.Release|Any CPU.ActiveCfg = Release|Any CPU
		{8F874558-2788-4728-8AD4-DD767DE599FF}.Release|Any CPU.Build.0 = Release|Any CPU
	EndGlobalSection
	GlobalSection(SolutionProperties) = preSolution
		HideSolutionNode = FALSE
	EndGlobalSection
EndGlobal
